
Microsoft Visual Studio Solution File, Format Version 12.00
# Visual Studio Version 16
VisualStudioVersion = 16.0.30517.126
MinimumVisualStudioVersion = 10.0.40219.1
Project("{FAE04EC0-301F-11D3-BF4B-00C04F79EFBC}") = "Demo_struct_Boek", "Demo_struct_Boek\Demo_struct_Boek.csproj", "{90B64C97-9FB5-4B26-8175-422DDB9F6818}"
EndProject
Project("{FAE04EC0-301F-11D3-BF4B-00C04F79EFBC}") = "Demo_struct_Kaart", "Demo_struct_Kaart\Demo_struct_Kaart.csproj", "{1511419D-84F6-415C-A86F-5995A77CF277}"
EndProject
Global
	GlobalSection(SolutionConfigurationPlatforms) = preSolution
		Debug|Any CPU = Debug|Any CPU
		Release|Any CPU = Release|Any CPU
	EndGlobalSection
	GlobalSection(ProjectConfigurationPlatforms) = postSolution
		{90B64C97-9FB5-4B26-8175-422DDB9F6818}.Debug|Any CPU.ActiveCfg = Debug|Any CPU
		{90B64C97-9FB5-4B26-8175-422DDB9F6818}.Debug|Any CPU.Build.0 = Debug|Any CPU
		{90B64C97-9FB5-4B26-8175-422DDB9F6818}.Release|Any CPU.ActiveCfg = Release|Any CPU
		{90B64C97-9FB5-4B26-8175-422DDB9F6818}.Release|Any CPU.Build.0 = Release|Any CPU
		{1511419D-84F6-415C-A86F-5995A77CF277}.Debug|Any CPU.ActiveCfg = Debug|Any CPU
		{1511419D-84F6-415C-A86F-5995A77CF277}.Debug|Any CPU.Build.0 = Debug|Any CPU
		{1511419D-84F6-415C-A86F-5995A77CF277}.Release|Any CPU.ActiveCfg = Release|Any CPU
		{1511419D-84F6-415C-A86F-5995A77CF277}.Release|Any CPU.Build.0 = Release|Any CPU
	EndGlobalSection
	GlobalSection(SolutionProperties) = preSolution
		HideSolutionNode = FALSE
	EndGlobalSection
	GlobalSection(ExtensibilityGlobals) = postSolution
		SolutionGuid = {38EF0458-95B0-4422-B8C8-5D69250AA86C}
	EndGlobalSection
EndGlobal
